
Microsoft Visual Studio Solution File, Format Version 12.00
# Visual Studio 2013
Project("{FAE04EC0-301F-11D3-BF4B-00C04F79EFBC}") = "UnityVS.source.CSharp", "UnityVS.source.CSharp.csproj", "{FFE6A1A1-5420-C2F9-3B6C-5574C87B3CE1}"
EndProject
Project("{FAE04EC0-301F-11D3-BF4B-00C04F79EFBC}") = "UnityVS.source.CSharp.Plugins", "UnityVS.source.CSharp.Plugins.csproj", "{1B8FD279-627E-05FC-99AA-DF2EA90425EC}"
EndProject
Project("{FAE04EC0-301F-11D3-BF4B-00C04F79EFBC}") = "UnityVS.source.CSharp.Editor", "UnityVS.source.CSharp.Editor.csproj", "{10B30C5E-5D83-815F-B801-58410428A745}"
EndProject
Global
	GlobalSection(SolutionConfigurationPlatforms) = preSolution
		Debug|Any CPU = Debug|Any CPU
		Release|Any CPU = Release|Any CPU
	EndGlobalSection
	GlobalSection(ProjectConfigurationPlatforms) = postSolution
		{FFE6A1A1-5420-C2F9-3B6C-5574C87B3CE1}.Debug|Any CPU.ActiveCfg = Debug|Any CPU
		{FFE6A1A1-5420-C2F9-3B6C-5574C87B3CE1}.Debug|Any CPU.Build.0 = Debug|Any CPU
		{FFE6A1A1-5420-C2F9-3B6C-5574C87B3CE1}.Release|Any CPU.ActiveCfg = Release|Any CPU
		{FFE6A1A1-5420-C2F9-3B6C-5574C87B3CE1}.Release|Any CPU.Build.0 = Release|Any CPU
		{1B8FD279-627E-05FC-99AA-DF2EA90425EC}.Debug|Any CPU.ActiveCfg = Debug|Any CPU
		{1B8FD279-627E-05FC-99AA-DF2EA90425EC}.Debug|Any CPU.Build.0 = Debug|Any CPU
		{1B8FD279-627E-05FC-99AA-DF2EA90425EC}.Release|Any CPU.ActiveCfg = Release|Any CPU
		{1B8FD279-627E-05FC-99AA-DF2EA90425EC}.Release|Any CPU.Build.0 = Release|Any CPU
		{10B30C5E-5D83-815F-B801-58410428A745}.Debug|Any CPU.ActiveCfg = Debug|Any CPU
		{10B30C5E-5D83-815F-B801-58410428A745}.Debug|Any CPU.Build.0 = Debug|Any CPU
		{10B30C5E-5D83-815F-B801-58410428A745}.Release|Any CPU.ActiveCfg = Release|Any CPU
		{10B30C5E-5D83-815F-B801-58410428A745}.Release|Any CPU.Build.0 = Release|Any CPU
	EndGlobalSection
	GlobalSection(SolutionProperties) = preSolution
		HideSolutionNode = FALSE
	EndGlobalSection
EndGlobal
